
Microsoft Visual Studio Solution File, Format Version 12.00
# Visual Studio 15
VisualStudioVersion = 15.0.28010.2036
MinimumVisualStudioVersion = 10.0.40219.1
Project("{8BC9CEB8-8B4A-11D0-8D11-00A0C91BC942}") = "MyRobot", "MyRobot\MyRobot.vcxproj", "{D184577E-C387-4985-B6F3-ABDC99B74E28}"
EndProject
Global
	GlobalSection(SolutionConfigurationPlatforms) = preSolution
		Debug|x64 = Debug|x64
		Debug|x86 = Debug|x86
		Release|x64 = Release|x64
		Release|x86 = Release|x86
	EndGlobalSection
	GlobalSection(ProjectConfigurationPlatforms) = postSolution
		{D184577E-C387-4985-B6F3-ABDC99B74E28}.Debug|x64.ActiveCfg = Debug|x64
		{D184577E-C387-4985-B6F3-ABDC99B74E28}.Debug|x64.Build.0 = Debug|x64
		{D184577E-C387-4985-B6F3-ABDC99B74E28}.Debug|x86.ActiveCfg = Debug|Win32
		{D184577E-C387-4985-B6F3-ABDC99B74E28}.Debug|x86.Build.0 = Debug|Win32
		{D184577E-C387-4985-B6F3-ABDC99B74E28}.Release|x64.ActiveCfg = Release|x64
		{D184577E-C387-4985-B6F3-ABDC99B74E28}.Release|x64.Build.0 = Release|x64
		{D184577E-C387-4985-B6F3-ABDC99B74E28}.Release|x86.ActiveCfg = Release|Win32
		{D184577E-C387-4985-B6F3-ABDC99B74E28}.Release|x86.Build.0 = Release|Win32
	EndGlobalSection
	GlobalSection(SolutionProperties) = preSolution
		HideSolutionNode = FALSE
	EndGlobalSection
	GlobalSection(ExtensibilityGlobals) = postSolution
		SolutionGuid = {4A7BC409-6A53-4A9F-AD11-E948DADEF906}
	EndGlobalSection
EndGlobal
